
Microsoft Visual Studio Solution File, Format Version 12.00
# Visual Studio Version 16
VisualStudioVersion = 16.0.30907.101
MinimumVisualStudioVersion = 10.0.40219.1
Project("{FAE04EC0-301F-11D3-BF4B-00C04F79EFBC}") = "TicTacToe", "TicTacToe.csproj", "{B2009A4E-384F-42F2-A166-0A8C856B323A}"
EndProject
Global
	GlobalSection(SolutionConfigurationPlatforms) = preSolution
		Debug|Any CPU = Debug|Any CPU
		Release|Any CPU = Release|Any CPU
	EndGlobalSection
	GlobalSection(ProjectConfigurationPlatforms) = postSolution
		{B2009A4E-384F-42F2-A166-0A8C856B323A}.Debug|Any CPU.ActiveCfg = Debug|Any CPU
		{B2009A4E-384F-42F2-A166-0A8C856B323A}.Debug|Any CPU.Build.0 = Debug|Any CPU
		{B2009A4E-384F-42F2-A166-0A8C856B323A}.Release|Any CPU.ActiveCfg = Release|Any CPU
		{B2009A4E-384F-42F2-A166-0A8C856B323A}.Release|Any CPU.Build.0 = Release|Any CPU
	EndGlobalSection
	GlobalSection(SolutionProperties) = preSolution
		HideSolutionNode = FALSE
	EndGlobalSection
	GlobalSection(ExtensibilityGlobals) = postSolution
		SolutionGuid = {BBA935BB-BAA3-4CB7-B776-482A7E690F15}
	EndGlobalSection
EndGlobal
